
Microsoft Visual Studio Solution File, Format Version 12.00
# Visual Studio Version 17
VisualStudioVersion = 17.0.31903.59
MinimumVisualStudioVersion = 10.0.40219.1
Project("{FAE04EC0-301F-11D3-BF4B-00C04F79EFBC}") = "ContosoOnline.Web", "ContosoOnline.Web\ContosoOnline.Web.csproj", "{E9DC9716-6648-4239-B1E2-BF13CB8AF67F}"
EndProject
Project("{FAE04EC0-301F-11D3-BF4B-00C04F79EFBC}") = "ContosoOnline.CatalogApi", "ContosoOnline.CatalogApi\ContosoOnline.CatalogApi.csproj", "{54821275-9DF4-47FA-B440-7729074AF852}"
EndProject
Project("{FAE04EC0-301F-11D3-BF4B-00C04F79EFBC}") = "ContosoOnline.OrderApi", "ContosoOnline.OrderApi\ContosoOnline.OrderApi.csproj", "{602DEB5F-CE72-4540-81FD-22CE18F0643A}"
EndProject
Project("{FAE04EC0-301F-11D3-BF4B-00C04F79EFBC}") = "ContosoOnline.Workers.OrderProcessor", "ContosoOnline.Workers.OrderProcessor\ContosoOnline.Workers.OrderProcessor.csproj", "{4F484B29-4F3D-4D3E-9E0D-300B5B4261FF}"
EndProject
Project("{2150E333-8FDC-42A3-9474-1A3956D46DE8}") = "APIs", "APIs", "{54D843B5-79C8-4EF9-972B-A940CBAA2D8C}"
EndProject
Project("{2150E333-8FDC-42A3-9474-1A3956D46DE8}") = "Workers", "Workers", "{838300CE-4391-4272-A5C9-8135AB26AE31}"
EndProject
Project("{2150E333-8FDC-42A3-9474-1A3956D46DE8}") = "Frontend", "Frontend", "{A8D20328-B0F6-4105-8D47-BC9D9C9D5973}"
EndProject
Project("{2150E333-8FDC-42A3-9474-1A3956D46DE8}") = "Infra", "Infra", "{5CF1A8C7-D18B-4280-8AFC-D45CAE9F572C}"
EndProject
Project("{FAE04EC0-301F-11D3-BF4B-00C04F79EFBC}") = "Common", "Common\Common.csproj", "{B63C0067-8D76-4979-9F70-5CDD5C2EBA50}"
EndProject
Project("{FAE04EC0-301F-11D3-BF4B-00C04F79EFBC}") = "Clients.Catalog", "Clients.Catalog\Clients.Catalog.csproj", "{EF83E4E4-5FFF-408B-9CD9-1B631D12081C}"
EndProject
Project("{FAE04EC0-301F-11D3-BF4B-00C04F79EFBC}") = "Clients.Shopping", "Clients.Shopping\Clients.Shopping.csproj", "{DDB6D159-E658-4405-B3E3-F97BB897A30D}"
EndProject
Project("{FAE04EC0-301F-11D3-BF4B-00C04F79EFBC}") = "ContosoOnline.AppHost", "ContosoOnline.AppHost\ContosoOnline.AppHost.csproj", "{69BBD163-E04F-40F7-B461-0F239CB90D2F}"
EndProject
Project("{FAE04EC0-301F-11D3-BF4B-00C04F79EFBC}") = "ContosoOnline.ServiceDefaults", "ContosoOnline.ServiceDefaults\ContosoOnline.ServiceDefaults.csproj", "{AACDA188-F1BE-FCA7-21E2-845817A073BD}"
EndProject
Project("{2150E333-8FDC-42A3-9474-1A3956D46DE8}") = "Aspire", "Aspire", "{02EA681E-C7D8-13C7-8484-4AC65E1B71E8}"
EndProject
Global
	GlobalSection(SolutionConfigurationPlatforms) = preSolution
		Debug|Any CPU = Debug|Any CPU
		Release|Any CPU = Release|Any CPU
	EndGlobalSection
	GlobalSection(ProjectConfigurationPlatforms) = postSolution
		{E9DC9716-6648-4239-B1E2-BF13CB8AF67F}.Debug|Any CPU.ActiveCfg = Debug|Any CPU
		{E9DC9716-6648-4239-B1E2-BF13CB8AF67F}.Debug|Any CPU.Build.0 = Debug|Any CPU
		{E9DC9716-6648-4239-B1E2-BF13CB8AF67F}.Release|Any CPU.ActiveCfg = Release|Any CPU
		{E9DC9716-6648-4239-B1E2-BF13CB8AF67F}.Release|Any CPU.Build.0 = Release|Any CPU
		{54821275-9DF4-47FA-B440-7729074AF852}.Debug|Any CPU.ActiveCfg = Debug|Any CPU
		{54821275-9DF4-47FA-B440-7729074AF852}.Debug|Any CPU.Build.0 = Debug|Any CPU
		{54821275-9DF4-47FA-B440-7729074AF852}.Release|Any CPU.ActiveCfg = Release|Any CPU
		{54821275-9DF4-47FA-B440-7729074AF852}.Release|Any CPU.Build.0 = Release|Any CPU
		{602DEB5F-CE72-4540-81FD-22CE18F0643A}.Debug|Any CPU.ActiveCfg = Debug|Any CPU
		{602DEB5F-CE72-4540-81FD-22CE18F0643A}.Debug|Any CPU.Build.0 = Debug|Any CPU
		{602DEB5F-CE72-4540-81FD-22CE18F0643A}.Release|Any CPU.ActiveCfg = Release|Any CPU
		{602DEB5F-CE72-4540-81FD-22CE18F0643A}.Release|Any CPU.Build.0 = Release|Any CPU
		{4F484B29-4F3D-4D3E-9E0D-300B5B4261FF}.Debug|Any CPU.ActiveCfg = Debug|Any CPU
		{4F484B29-4F3D-4D3E-9E0D-300B5B4261FF}.Debug|Any CPU.Build.0 = Debug|Any CPU
		{4F484B29-4F3D-4D3E-9E0D-300B5B4261FF}.Release|Any CPU.ActiveCfg = Release|Any CPU
		{4F484B29-4F3D-4D3E-9E0D-300B5B4261FF}.Release|Any CPU.Build.0 = Release|Any CPU
		{B63C0067-8D76-4979-9F70-5CDD5C2EBA50}.Debug|Any CPU.ActiveCfg = Debug|Any CPU
		{B63C0067-8D76-4979-9F70-5CDD5C2EBA50}.Debug|Any CPU.Build.0 = Debug|Any CPU
		{B63C0067-8D76-4979-9F70-5CDD5C2EBA50}.Release|Any CPU.ActiveCfg = Release|Any CPU
		{B63C0067-8D76-4979-9F70-5CDD5C2EBA50}.Release|Any CPU.Build.0 = Release|Any CPU
		{EF83E4E4-5FFF-408B-9CD9-1B631D12081C}.Debug|Any CPU.ActiveCfg = Debug|Any CPU
		{EF83E4E4-5FFF-408B-9CD9-1B631D12081C}.Debug|Any CPU.Build.0 = Debug|Any CPU
		{EF83E4E4-5FFF-408B-9CD9-1B631D12081C}.Release|Any CPU.ActiveCfg = Release|Any CPU
		{EF83E4E4-5FFF-408B-9CD9-1B631D12081C}.Release|Any CPU.Build.0 = Release|Any CPU
		{DDB6D159-E658-4405-B3E3-F97BB897A30D}.Debug|Any CPU.ActiveCfg = Debug|Any CPU
		{DDB6D159-E658-4405-B3E3-F97BB897A30D}.Debug|Any CPU.Build.0 = Debug|Any CPU
		{DDB6D159-E658-4405-B3E3-F97BB897A30D}.Release|Any CPU.ActiveCfg = Release|Any CPU
		{DDB6D159-E658-4405-B3E3-F97BB897A30D}.Release|Any CPU.Build.0 = Release|Any CPU
		{69BBD163-E04F-40F7-B461-0F239CB90D2F}.Debug|Any CPU.ActiveCfg = Debug|Any CPU
		{69BBD163-E04F-40F7-B461-0F239CB90D2F}.Debug|Any CPU.Build.0 = Debug|Any CPU
		{69BBD163-E04F-40F7-B461-0F239CB90D2F}.Release|Any CPU.ActiveCfg = Release|Any CPU
		{69BBD163-E04F-40F7-B461-0F239CB90D2F}.Release|Any CPU.Build.0 = Release|Any CPU
		{AACDA188-F1BE-FCA7-21E2-845817A073BD}.Debug|Any CPU.ActiveCfg = Debug|Any CPU
		{AACDA188-F1BE-FCA7-21E2-845817A073BD}.Debug|Any CPU.Build.0 = Debug|Any CPU
		{AACDA188-F1BE-FCA7-21E2-845817A073BD}.Release|Any CPU.ActiveCfg = Release|Any CPU
		{AACDA188-F1BE-FCA7-21E2-845817A073BD}.Release|Any CPU.Build.0 = Release|Any CPU
	EndGlobalSection
	GlobalSection(SolutionProperties) = preSolution
		HideSolutionNode = FALSE
	EndGlobalSection
	GlobalSection(NestedProjects) = preSolution
		{E9DC9716-6648-4239-B1E2-BF13CB8AF67F} = {A8D20328-B0F6-4105-8D47-BC9D9C9D5973}
		{54821275-9DF4-47FA-B440-7729074AF852} = {54D843B5-79C8-4EF9-972B-A940CBAA2D8C}
		{602DEB5F-CE72-4540-81FD-22CE18F0643A} = {54D843B5-79C8-4EF9-972B-A940CBAA2D8C}
		{4F484B29-4F3D-4D3E-9E0D-300B5B4261FF} = {838300CE-4391-4272-A5C9-8135AB26AE31}
		{B63C0067-8D76-4979-9F70-5CDD5C2EBA50} = {5CF1A8C7-D18B-4280-8AFC-D45CAE9F572C}
		{EF83E4E4-5FFF-408B-9CD9-1B631D12081C} = {5CF1A8C7-D18B-4280-8AFC-D45CAE9F572C}
		{DDB6D159-E658-4405-B3E3-F97BB897A30D} = {5CF1A8C7-D18B-4280-8AFC-D45CAE9F572C}
		{69BBD163-E04F-40F7-B461-0F239CB90D2F} = {02EA681E-C7D8-13C7-8484-4AC65E1B71E8}
		{AACDA188-F1BE-FCA7-21E2-845817A073BD} = {02EA681E-C7D8-13C7-8484-4AC65E1B71E8}
	EndGlobalSection
	GlobalSection(ExtensibilityGlobals) = postSolution
		SolutionGuid = {6D5D6102-593B-424D-8EDD-8B7C3D4E7A97}
	EndGlobalSection
EndGlobal
